
Microsoft Visual Studio Solution File, Format Version 12.00
# Visual Studio Version 17
VisualStudioVersion = 17.0.32112.339
MinimumVisualStudioVersion = 10.0.40219.1
Project("{FAE04EC0-301F-11D3-BF4B-00C04F79EFBC}") = "ProductSorting", "ProductSorting\ProductSorting.csproj", "{EEEDB66D-46CC-4A93-BAB5-55B0AF038595}"
EndProject
Global
	GlobalSection(SolutionConfigurationPlatforms) = preSolution
		Debug|Any CPU = Debug|Any CPU
		Release|Any CPU = Release|Any CPU
	EndGlobalSection
	GlobalSection(ProjectConfigurationPlatforms) = postSolution
		{EEEDB66D-46CC-4A93-BAB5-55B0AF038595}.Debug|Any CPU.ActiveCfg = Debug|Any CPU
		{EEEDB66D-46CC-4A93-BAB5-55B0AF038595}.Debug|Any CPU.Build.0 = Debug|Any CPU
		{EEEDB66D-46CC-4A93-BAB5-55B0AF038595}.Release|Any CPU.ActiveCfg = Release|Any CPU
		{EEEDB66D-46CC-4A93-BAB5-55B0AF038595}.Release|Any CPU.Build.0 = Release|Any CPU
	EndGlobalSection
	GlobalSection(SolutionProperties) = preSolution
		HideSolutionNode = FALSE
	EndGlobalSection
	GlobalSection(ExtensibilityGlobals) = postSolution
		SolutionGuid = {3485FD96-641A-4E01-B500-72FC5BE9D512}
	EndGlobalSection
EndGlobal
